Microsoft Visual Studio Solution File, Format Version 12.00
# Visual Studio Version 17
VisualStudioVersion = 17.5.2.0
MinimumVisualStudioVersion = 10.0.40219.1
Project("{FAE04EC0-301F-11D3-BF4B-00C04F79EFBC}") = "Centiwing", "Centiwing.csproj", "{4BE8B557-2D25-05FA-2E86-322796DB1009}"
EndProject
Global
	GlobalSection(SolutionConfigurationPlatforms) = preSolution
		Debug|Any CPU = Debug|Any CPU
		Release|Any CPU = Release|Any CPU
	EndGlobalSection
	GlobalSection(ProjectConfigurationPlatforms) = postSolution
		{4BE8B557-2D25-05FA-2E86-322796DB1009}.Debug|Any CPU.ActiveCfg = Debug|Any CPU
		{4BE8B557-2D25-05FA-2E86-322796DB1009}.Debug|Any CPU.Build.0 = Debug|Any CPU
		{4BE8B557-2D25-05FA-2E86-322796DB1009}.Release|Any CPU.ActiveCfg = Release|Any CPU
		{4BE8B557-2D25-05FA-2E86-322796DB1009}.Release|Any CPU.Build.0 = Release|Any CPU
	EndGlobalSection
	GlobalSection(SolutionProperties) = preSolution
		HideSolutionNode = FALSE
	EndGlobalSection
	GlobalSection(ExtensibilityGlobals) = postSolution
		SolutionGuid = {024F7A67-F87E-4F44-A234-644E18A6A255}
	EndGlobalSection
EndGlobal
